<?xml version="1.0" encoding="utf-8"?>
<Project ToolsVersion="4.0" xmlns="http://schemas.microsoft.com/developer/msbuild/2003">
  <ItemGroup>
    <Filter Include="源文件">
      <UniqueIdentifier>{4FC737F1-C7A5-4376-A066-2A32D752A2FF}</UniqueIdentifier>
      <Extensions>cpp;c;cc;cxx;c++;cppm;ixx;def;odl;idl;hpj;bat;asm;asmx</Extensions>
    </Filter>
    <Filter Include="头文件">
      <UniqueIdentifier>{93995380-89BD-4b04-88EB-625FBE52EBFB}</UniqueIdentifier>
      <Extensions>h;hh;hpp;hxx;h++;hm;inl;inc;ipp;xsd</Extensions>
    </Filter>
    <Filter Include="资源文件">
      <UniqueIdentifier>{67DA6AB6-F800-4c08-8B7A-83BB121AAD01}</UniqueIdentifier>
      <Extensions>rc;ico;cur;bmp;dlg;rc2;rct;bin;rgs;gif;jpg;jpeg;jpe;resx;tiff;tif;png;wav;mfcribbon-ms</Extensions>
    </Filter>
    <Filter Include="源文件\CPPStand">
      <UniqueIdentifier>{a8645a86-026c-4211-be3b-7b24c7da3ad2}</UniqueIdentifier>
    </Filter>
    <Filter Include="源文件\CPPSTL">
      <UniqueIdentifier>{bae80f51-0c4f-4ed5-af0c-e33e6b02c1c7}</UniqueIdentifier>
    </Filter>
  </ItemGroup>
  <ItemGroup>
    <ClCompile Include="TextGCC_ConstSeting.cpp">
      <Filter>源文件\CPPStand</Filter>
    </ClCompile>
    <ClCompile Include="FlieReadWrite.cpp">
      <Filter>源文件\CPPStand</Filter>
    </ClCompile>
    <ClCompile Include="IgnoreLine.cpp">
      <Filter>源文件\CPPStand</Filter>
    </ClCompile>
    <ClCompile Include="IOStream.cpp">
      <Filter>源文件\CPPStand</Filter>
    </ClCompile>
    <ClCompile Include="Locales.cpp">
      <Filter>源文件\CPPStand</Filter>
    </ClCompile>
    <ClCompile Include="OverrideEndl.cpp">
      <Filter>源文件\CPPStand</Filter>
    </ClCompile>
    <ClCompile Include="StreamCopyFile.cpp">
      <Filter>源文件\CPPStand</Filter>
    </ClCompile>
    <ClCompile Include="LCONFIG_3.cpp">
      <Filter>源文件\CPPSTL</Filter>
    </ClCompile>
    <ClCompile Include="LCONFIG_5.cpp">
      <Filter>源文件\CPPSTL</Filter>
    </ClCompile>
    <ClCompile Include="LCONFIG_8.cpp">
      <Filter>源文件\CPPSTL</Filter>
    </ClCompile>
    <ClCompile Include="LCONFIG_TEMPORARY_OBJECT.cpp">
      <Filter>源文件\CPPSTL</Filter>
    </ClCompile>
    <ClCompile Include="2JJALLOC.h">
      <Filter>源文件\CPPSTL</Filter>
    </ClCompile>
    <ClCompile Include="2JJALLOC.cpp">
      <Filter>源文件\CPPSTL</Filter>
    </ClCompile>
    <ClCompile Include="3Find.cpp">
      <Filter>源文件\CPPSTL</Filter>
    </ClCompile>
  </ItemGroup>
</Project>